
Microsoft Visual Studio Solution File, Format Version 12.00
# Visual Studio Version 16
VisualStudioVersion = 16.0.31624.102
MinimumVisualStudioVersion = 10.0.40219.1
Project("{8BC9CEB8-8B4A-11D0-8D11-00A0C91BC942}") = "homework5", "homework5\homework5.vcxproj", "{7007000B-BAEF-4FA0-9B45-EEE75B47D275}"
EndProject
Global
	GlobalSection(SolutionConfigurationPlatforms) = preSolution
		Debug|x64 = Debug|x64
		Debug|x86 = Debug|x86
		Release|x64 = Release|x64
		Release|x86 = Release|x86
	EndGlobalSection
	GlobalSection(ProjectConfigurationPlatforms) = postSolution
		{7007000B-BAEF-4FA0-9B45-EEE75B47D275}.Debug|x64.ActiveCfg = Debug|x64
		{7007000B-BAEF-4FA0-9B45-EEE75B47D275}.Debug|x64.Build.0 = Debug|x64
		{7007000B-BAEF-4FA0-9B45-EEE75B47D275}.Debug|x86.ActiveCfg = Debug|Win32
		{7007000B-BAEF-4FA0-9B45-EEE75B47D275}.Debug|x86.Build.0 = Debug|Win32
		{7007000B-BAEF-4FA0-9B45-EEE75B47D275}.Release|x64.ActiveCfg = Release|x64
		{7007000B-BAEF-4FA0-9B45-EEE75B47D275}.Release|x64.Build.0 = Release|x64
		{7007000B-BAEF-4FA0-9B45-EEE75B47D275}.Release|x86.ActiveCfg = Release|Win32
		{7007000B-BAEF-4FA0-9B45-EEE75B47D275}.Release|x86.Build.0 = Release|Win32
	EndGlobalSection
	GlobalSection(SolutionProperties) = preSolution
		HideSolutionNode = FALSE
	EndGlobalSection
	GlobalSection(ExtensibilityGlobals) = postSolution
		SolutionGuid = {E2B7DF59-73F2-4E45-ABA9-AEDD0A23EC63}
	EndGlobalSection
EndGlobal
